
Microsoft Visual Studio Solution File, Format Version 12.00
# Visual Studio Version 17
VisualStudioVersion = 17.5.33502.453
MinimumVisualStudioVersion = 10.0.40219.1
Project("{9A19103F-16F7-4668-BE54-9A1E7A4F7556}") = "News&Reviews", "News&Reviews\News&Reviews.csproj", "{C10C98D4-13C3-4AA9-AB9D-E995E41B84C4}"
EndProject
Project("{2150E333-8FDC-42A3-9474-1A3956D46DE8}") = "Web", "Web", "{03486186-92F4-4656-BCDE-365C98561D80}"
EndProject
Project("{2150E333-8FDC-42A3-9474-1A3956D46DE8}") = "Data", "Data", "{CD30B544-BD0B-425D-ACAA-40E2FFF7CE58}"
EndProject
Project("{9A19103F-16F7-4668-BE54-9A1E7A4F7556}") = "News&Reviews.Data", "News&Reviews.Data\News&Reviews.Data.csproj", "{D8BF1042-68FB-40FF-978D-682D6AECBC32}"
EndProject
Project("{9A19103F-16F7-4668-BE54-9A1E7A4F7556}") = "News&Reviews.Common", "News&Reviews.Common\News&Reviews.Common.csproj", "{A9612A52-7EF7-44F2-9483-0EBF780A4151}"
EndProject
Project("{9A19103F-16F7-4668-BE54-9A1E7A4F7556}") = "News&Reviews.DataModels", "News&Reviews.DataModels\News&Reviews.DataModels.csproj", "{696F8EDC-7EE7-48B9-867A-9D6D7E0287B9}"
EndProject
Project("{9A19103F-16F7-4668-BE54-9A1E7A4F7556}") = "News&Reviews.Models", "News&Reviews.Models\News&Reviews.Models.csproj", "{739121FB-B240-4D88-8044-E9C88D29FAA1}"
EndProject
Project("{9A19103F-16F7-4668-BE54-9A1E7A4F7556}") = "News&Reviews.Services", "News&Reviews.Services\News&Reviews.Services.csproj", "{B61B0B58-9D81-464F-B06F-663EF6C437A1}"
EndProject
Project("{2150E333-8FDC-42A3-9474-1A3956D46DE8}") = "Test", "Test", "{87114740-B1E1-4EB8-B157-A96858F30982}"
EndProject
Project("{FAE04EC0-301F-11D3-BF4B-00C04F79EFBC}") = "News&Reviews.Tests", "News&Reviews.Tests\News&Reviews.Tests.csproj", "{B7F6A85B-1DDC-426C-8542-C902D115F81A}"
EndProject
Global
	GlobalSection(SolutionConfigurationPlatforms) = preSolution
		Debug|Any CPU = Debug|Any CPU
		Release|Any CPU = Release|Any CPU
	EndGlobalSection
	GlobalSection(ProjectConfigurationPlatforms) = postSolution
		{C10C98D4-13C3-4AA9-AB9D-E995E41B84C4}.Debug|Any CPU.ActiveCfg = Debug|Any CPU
		{C10C98D4-13C3-4AA9-AB9D-E995E41B84C4}.Debug|Any CPU.Build.0 = Debug|Any CPU
		{C10C98D4-13C3-4AA9-AB9D-E995E41B84C4}.Release|Any CPU.ActiveCfg = Release|Any CPU
		{C10C98D4-13C3-4AA9-AB9D-E995E41B84C4}.Release|Any CPU.Build.0 = Release|Any CPU
		{D8BF1042-68FB-40FF-978D-682D6AECBC32}.Debug|Any CPU.ActiveCfg = Debug|Any CPU
		{D8BF1042-68FB-40FF-978D-682D6AECBC32}.Debug|Any CPU.Build.0 = Debug|Any CPU
		{D8BF1042-68FB-40FF-978D-682D6AECBC32}.Release|Any CPU.ActiveCfg = Release|Any CPU
		{D8BF1042-68FB-40FF-978D-682D6AECBC32}.Release|Any CPU.Build.0 = Release|Any CPU
		{A9612A52-7EF7-44F2-9483-0EBF780A4151}.Debug|Any CPU.ActiveCfg = Debug|Any CPU
		{A9612A52-7EF7-44F2-9483-0EBF780A4151}.Debug|Any CPU.Build.0 = Debug|Any CPU
		{A9612A52-7EF7-44F2-9483-0EBF780A4151}.Release|Any CPU.ActiveCfg = Release|Any CPU
		{A9612A52-7EF7-44F2-9483-0EBF780A4151}.Release|Any CPU.Build.0 = Release|Any CPU
		{696F8EDC-7EE7-48B9-867A-9D6D7E0287B9}.Debug|Any CPU.ActiveCfg = Debug|Any CPU
		{696F8EDC-7EE7-48B9-867A-9D6D7E0287B9}.Debug|Any CPU.Build.0 = Debug|Any CPU
		{696F8EDC-7EE7-48B9-867A-9D6D7E0287B9}.Release|Any CPU.ActiveCfg = Release|Any CPU
		{696F8EDC-7EE7-48B9-867A-9D6D7E0287B9}.Release|Any CPU.Build.0 = Release|Any CPU
		{739121FB-B240-4D88-8044-E9C88D29FAA1}.Debug|Any CPU.ActiveCfg = Debug|Any CPU
		{739121FB-B240-4D88-8044-E9C88D29FAA1}.Debug|Any CPU.Build.0 = Debug|Any CPU
		{739121FB-B240-4D88-8044-E9C88D29FAA1}.Release|Any CPU.ActiveCfg = Release|Any CPU
		{739121FB-B240-4D88-8044-E9C88D29FAA1}.Release|Any CPU.Build.0 = Release|Any CPU
		{B61B0B58-9D81-464F-B06F-663EF6C437A1}.Debug|Any CPU.ActiveCfg = Debug|Any CPU
		{B61B0B58-9D81-464F-B06F-663EF6C437A1}.Debug|Any CPU.Build.0 = Debug|Any CPU
		{B61B0B58-9D81-464F-B06F-663EF6C437A1}.Release|Any CPU.ActiveCfg = Release|Any CPU
		{B61B0B58-9D81-464F-B06F-663EF6C437A1}.Release|Any CPU.Build.0 = Release|Any CPU
		{B7F6A85B-1DDC-426C-8542-C902D115F81A}.Debug|Any CPU.ActiveCfg = Debug|Any CPU
		{B7F6A85B-1DDC-426C-8542-C902D115F81A}.Debug|Any CPU.Build.0 = Debug|Any CPU
		{B7F6A85B-1DDC-426C-8542-C902D115F81A}.Release|Any CPU.ActiveCfg = Release|Any CPU
		{B7F6A85B-1DDC-426C-8542-C902D115F81A}.Release|Any CPU.Build.0 = Release|Any CPU
	EndGlobalSection
	GlobalSection(SolutionProperties) = preSolution
		HideSolutionNode = FALSE
	EndGlobalSection
	GlobalSection(NestedProjects) = preSolution
		{C10C98D4-13C3-4AA9-AB9D-E995E41B84C4} = {03486186-92F4-4656-BCDE-365C98561D80}
		{D8BF1042-68FB-40FF-978D-682D6AECBC32} = {CD30B544-BD0B-425D-ACAA-40E2FFF7CE58}
		{A9612A52-7EF7-44F2-9483-0EBF780A4151} = {CD30B544-BD0B-425D-ACAA-40E2FFF7CE58}
		{696F8EDC-7EE7-48B9-867A-9D6D7E0287B9} = {CD30B544-BD0B-425D-ACAA-40E2FFF7CE58}
		{739121FB-B240-4D88-8044-E9C88D29FAA1} = {03486186-92F4-4656-BCDE-365C98561D80}
		{B61B0B58-9D81-464F-B06F-663EF6C437A1} = {03486186-92F4-4656-BCDE-365C98561D80}
		{B7F6A85B-1DDC-426C-8542-C902D115F81A} = {87114740-B1E1-4EB8-B157-A96858F30982}
	EndGlobalSection
	GlobalSection(ExtensibilityGlobals) = postSolution
		SolutionGuid = {9D81EB27-9DAB-4B95-9963-BA69520C8A13}
	EndGlobalSection
EndGlobal
