
Microsoft Visual Studio Solution File, Format Version 12.00
# Visual Studio Version 17
VisualStudioVersion = 17.5.33502.453
MinimumVisualStudioVersion = 10.0.40219.1
Project("{FAE04EC0-301F-11D3-BF4B-00C04F79EFBC}") = "News&Reviews", "News&Reviews\News&Reviews.csproj", "{E88B3DFB-B14C-4D2C-B267-6FDD9E9BE786}"
EndProject
Project("{2150E333-8FDC-42A3-9474-1A3956D46DE8}") = "Data", "Data", "{93F6C3AA-C83C-41FF-B55C-FED4CA9042DB}"
EndProject
Project("{FAE04EC0-301F-11D3-BF4B-00C04F79EFBC}") = "News&Reviews.DataModels", "News&Reviews.DataModels\News&Reviews.DataModels.csproj", "{0F6C0C93-E277-462D-A378-4F818F2F66D7}"
EndProject
Project("{FAE04EC0-301F-11D3-BF4B-00C04F79EFBC}") = "News&Reviews.DbContext", "News&Reviews.DbContext\News&Reviews.DbContext.csproj", "{0E2E456D-050B-4A1F-8DC4-8AD6686B8847}"
EndProject
Project("{FAE04EC0-301F-11D3-BF4B-00C04F79EFBC}") = "News&Reviews.Helpers", "News&Reviews.Helpers\News&Reviews.Helpers.csproj", "{D94C779F-1571-47E8-9CEC-B3D0645A7702}"
EndProject
Global
	GlobalSection(SolutionConfigurationPlatforms) = preSolution
		Debug|Any CPU = Debug|Any CPU
		Release|Any CPU = Release|Any CPU
	EndGlobalSection
	GlobalSection(ProjectConfigurationPlatforms) = postSolution
		{E88B3DFB-B14C-4D2C-B267-6FDD9E9BE786}.Debug|Any CPU.ActiveCfg = Debug|Any CPU
		{E88B3DFB-B14C-4D2C-B267-6FDD9E9BE786}.Debug|Any CPU.Build.0 = Debug|Any CPU
		{E88B3DFB-B14C-4D2C-B267-6FDD9E9BE786}.Release|Any CPU.ActiveCfg = Release|Any CPU
		{E88B3DFB-B14C-4D2C-B267-6FDD9E9BE786}.Release|Any CPU.Build.0 = Release|Any CPU
		{0F6C0C93-E277-462D-A378-4F818F2F66D7}.Debug|Any CPU.ActiveCfg = Debug|Any CPU
		{0F6C0C93-E277-462D-A378-4F818F2F66D7}.Debug|Any CPU.Build.0 = Debug|Any CPU
		{0F6C0C93-E277-462D-A378-4F818F2F66D7}.Release|Any CPU.ActiveCfg = Release|Any CPU
		{0F6C0C93-E277-462D-A378-4F818F2F66D7}.Release|Any CPU.Build.0 = Release|Any CPU
		{0E2E456D-050B-4A1F-8DC4-8AD6686B8847}.Debug|Any CPU.ActiveCfg = Debug|Any CPU
		{0E2E456D-050B-4A1F-8DC4-8AD6686B8847}.Debug|Any CPU.Build.0 = Debug|Any CPU
		{0E2E456D-050B-4A1F-8DC4-8AD6686B8847}.Release|Any CPU.ActiveCfg = Release|Any CPU
		{0E2E456D-050B-4A1F-8DC4-8AD6686B8847}.Release|Any CPU.Build.0 = Release|Any CPU
		{D94C779F-1571-47E8-9CEC-B3D0645A7702}.Debug|Any CPU.ActiveCfg = Debug|Any CPU
		{D94C779F-1571-47E8-9CEC-B3D0645A7702}.Debug|Any CPU.Build.0 = Debug|Any CPU
		{D94C779F-1571-47E8-9CEC-B3D0645A7702}.Release|Any CPU.ActiveCfg = Release|Any CPU
		{D94C779F-1571-47E8-9CEC-B3D0645A7702}.Release|Any CPU.Build.0 = Release|Any CPU
	EndGlobalSection
	GlobalSection(SolutionProperties) = preSolution
		HideSolutionNode = FALSE
	EndGlobalSection
	GlobalSection(NestedProjects) = preSolution
		{0F6C0C93-E277-462D-A378-4F818F2F66D7} = {93F6C3AA-C83C-41FF-B55C-FED4CA9042DB}
		{0E2E456D-050B-4A1F-8DC4-8AD6686B8847} = {93F6C3AA-C83C-41FF-B55C-FED4CA9042DB}
		{D94C779F-1571-47E8-9CEC-B3D0645A7702} = {93F6C3AA-C83C-41FF-B55C-FED4CA9042DB}
	EndGlobalSection
	GlobalSection(ExtensibilityGlobals) = postSolution
		SolutionGuid = {DBFEC7CE-6296-4144-AF32-72E463A8FC8D}
	EndGlobalSection
EndGlobal
