
Microsoft Visual Studio Solution File, Format Version 12.00
# Visual Studio Version 17
VisualStudioVersion = 17.5.33502.453
MinimumVisualStudioVersion = 10.0.40219.1
Project("{FAE04EC0-301F-11D3-BF4B-00C04F79EFBC}") = "News&Reviews", "News&Reviews\News&Reviews.csproj", "{32A8610E-2048-44BC-AB0C-A263C65EF74D}"
EndProject
Global
	GlobalSection(SolutionConfigurationPlatforms) = preSolution
		Debug|Any CPU = Debug|Any CPU
		Release|Any CPU = Release|Any CPU
	EndGlobalSection
	GlobalSection(ProjectConfigurationPlatforms) = postSolution
		{32A8610E-2048-44BC-AB0C-A263C65EF74D}.Debug|Any CPU.ActiveCfg = Debug|Any CPU
		{32A8610E-2048-44BC-AB0C-A263C65EF74D}.Debug|Any CPU.Build.0 = Debug|Any CPU
		{32A8610E-2048-44BC-AB0C-A263C65EF74D}.Release|Any CPU.ActiveCfg = Release|Any CPU
		{32A8610E-2048-44BC-AB0C-A263C65EF74D}.Release|Any CPU.Build.0 = Release|Any CPU
	EndGlobalSection
	GlobalSection(SolutionProperties) = preSolution
		HideSolutionNode = FALSE
	EndGlobalSection
	GlobalSection(ExtensibilityGlobals) = postSolution
		SolutionGuid = {4AAEDD68-38CB-4244-BFFE-CA9A7D959730}
	EndGlobalSection
EndGlobal
